
Microsoft Visual Studio Solution File, Format Version 12.00
# Visual Studio Version 16
VisualStudioVersion = 16.0.33423.256
MinimumVisualStudioVersion = 10.0.40219.1
Project("{FAE04EC0-301F-11D3-BF4B-00C04F79EFBC}") = "LinkUtilities", "Generic\LinkUtilities\LinkUtilities.csproj", "{4FDF1E89-5BC3-4C72-8FDA-0D580E7A5D5F}"
EndProject
Project("{2150E333-8FDC-42A3-9474-1A3956D46DE8}") = "Solution Items", "Solution Items", "{B424CED3-F815-445E-BCCE-7A79779F5EE8}"
	ProjectSection(SolutionItems) = preProject
		.editorconfig = .editorconfig
		.gitignore = .gitignore
		crowdin.yml = crowdin.yml
		LICENSE.txt = LICENSE.txt
		README.md = README.md
	EndProjectSection
EndProject
Project("{2150E333-8FDC-42A3-9474-1A3956D46DE8}") = "Manifests", "Manifests", "{4B1654E9-FE08-4523-A69F-D636BF222D32}"
	ProjectSection(SolutionItems) = preProject
		Manifest\HerrKnarz_CompanyCompanion.yaml = Manifest\HerrKnarz_CompanyCompanion.yaml
		Manifest\HerrKnarz_LinkUtilities.yaml = Manifest\HerrKnarz_LinkUtilities.yaml
		Manifest\HerrKnarz_WikipediaMetadata.yaml = Manifest\HerrKnarz_WikipediaMetadata.yaml
	EndProjectSection
EndProject
Project("{2150E333-8FDC-42A3-9474-1A3956D46DE8}") = "Common", "Common", "{2F210C0E-167B-4B64-8084-FDF4FA3F93A4}"
EndProject
Project("{FAE04EC0-301F-11D3-BF4B-00C04F79EFBC}") = "KNARZhelper", "Common\KNARZhelper\KNARZhelper.csproj", "{E3E24870-27F7-400E-B411-47ACD9C8B562}"
EndProject
Project("{2150E333-8FDC-42A3-9474-1A3956D46DE8}") = "Generic", "Generic", "{D10FA19A-19DB-4752-BE43-538700781EBB}"
EndProject
Project("{FAE04EC0-301F-11D3-BF4B-00C04F79EFBC}") = "CompanyCompanion", "Generic\CompanyCompanion\CompanyCompanion.csproj", "{B78A5D09-7D3A-4581-B0E4-3EE6036E04CA}"
EndProject
Project("{FAE04EC0-301F-11D3-BF4B-00C04F79EFBC}") = "KNARZtools", "Generic\KNARZtools\KNARZtools.csproj", "{4CA28AE6-6EFB-4FEE-9780-4682BF093F3B}"
EndProject
Project("{FAE04EC0-301F-11D3-BF4B-00C04F79EFBC}") = "WikipediaMetadata", "Metadata\WikipediaMetadata\WikipediaMetadata.csproj", "{A54423D1-8E7A-4339-B0D5-24E7CEFE469B}"
EndProject
Project("{2150E333-8FDC-42A3-9474-1A3956D46DE8}") = "Metadata", "Metadata", "{BB964DAC-A6CF-4400-B004-BD3ABA10BB7E}"
EndProject
Project("{FAE04EC0-301F-11D3-BF4B-00C04F79EFBC}") = "KNARZhelper.Test", "Common\KNARZhelper.Test\KNARZhelper.Test.csproj", "{CCC1A181-4AD4-4B7F-A61A-DE8D115D913F}"
EndProject
Project("{FAE04EC0-301F-11D3-BF4B-00C04F79EFBC}") = "WikipediaMetadata.Test", "Metadata\WikipediaMetadata.Test\WikipediaMetadata.Test.csproj", "{371B85A9-F0FA-4FF6-BFCC-AD43B43BC732}"
EndProject
Project("{FAE04EC0-301F-11D3-BF4B-00C04F79EFBC}") = "LinkUtilities.Test", "Generic\LinkUtilities.Test\LinkUtilities.Test.csproj", "{A4284B4C-B63A-43A8-B2E0-16928CDF6DB7}"
EndProject
Global
	GlobalSection(SolutionConfigurationPlatforms) = preSolution
		Debug|Any CPU = Debug|Any CPU
		Deploy|Any CPU = Deploy|Any CPU
		Release|Any CPU = Release|Any CPU
	EndGlobalSection
	GlobalSection(ProjectConfigurationPlatforms) = postSolution
		{4FDF1E89-5BC3-4C72-8FDA-0D580E7A5D5F}.Debug|Any CPU.ActiveCfg = Debug|Any CPU
		{4FDF1E89-5BC3-4C72-8FDA-0D580E7A5D5F}.Debug|Any CPU.Build.0 = Debug|Any CPU
		{4FDF1E89-5BC3-4C72-8FDA-0D580E7A5D5F}.Deploy|Any CPU.ActiveCfg = Deploy|Any CPU
		{4FDF1E89-5BC3-4C72-8FDA-0D580E7A5D5F}.Deploy|Any CPU.Build.0 = Deploy|Any CPU
		{4FDF1E89-5BC3-4C72-8FDA-0D580E7A5D5F}.Release|Any CPU.ActiveCfg = Release|Any CPU
		{4FDF1E89-5BC3-4C72-8FDA-0D580E7A5D5F}.Release|Any CPU.Build.0 = Release|Any CPU
		{E3E24870-27F7-400E-B411-47ACD9C8B562}.Debug|Any CPU.ActiveCfg = Debug|Any CPU
		{E3E24870-27F7-400E-B411-47ACD9C8B562}.Debug|Any CPU.Build.0 = Debug|Any CPU
		{E3E24870-27F7-400E-B411-47ACD9C8B562}.Deploy|Any CPU.ActiveCfg = Debug|Any CPU
		{E3E24870-27F7-400E-B411-47ACD9C8B562}.Deploy|Any CPU.Build.0 = Debug|Any CPU
		{E3E24870-27F7-400E-B411-47ACD9C8B562}.Release|Any CPU.ActiveCfg = Release|Any CPU
		{E3E24870-27F7-400E-B411-47ACD9C8B562}.Release|Any CPU.Build.0 = Release|Any CPU
		{B78A5D09-7D3A-4581-B0E4-3EE6036E04CA}.Debug|Any CPU.ActiveCfg = Debug|Any CPU
		{B78A5D09-7D3A-4581-B0E4-3EE6036E04CA}.Debug|Any CPU.Build.0 = Debug|Any CPU
		{B78A5D09-7D3A-4581-B0E4-3EE6036E04CA}.Deploy|Any CPU.ActiveCfg = Debug|Any CPU
		{B78A5D09-7D3A-4581-B0E4-3EE6036E04CA}.Deploy|Any CPU.Build.0 = Debug|Any CPU
		{B78A5D09-7D3A-4581-B0E4-3EE6036E04CA}.Release|Any CPU.ActiveCfg = Release|Any CPU
		{B78A5D09-7D3A-4581-B0E4-3EE6036E04CA}.Release|Any CPU.Build.0 = Release|Any CPU
		{4CA28AE6-6EFB-4FEE-9780-4682BF093F3B}.Debug|Any CPU.ActiveCfg = Debug|Any CPU
		{4CA28AE6-6EFB-4FEE-9780-4682BF093F3B}.Debug|Any CPU.Build.0 = Debug|Any CPU
		{4CA28AE6-6EFB-4FEE-9780-4682BF093F3B}.Deploy|Any CPU.ActiveCfg = Deploy|Any CPU
		{4CA28AE6-6EFB-4FEE-9780-4682BF093F3B}.Deploy|Any CPU.Build.0 = Deploy|Any CPU
		{4CA28AE6-6EFB-4FEE-9780-4682BF093F3B}.Release|Any CPU.ActiveCfg = Release|Any CPU
		{4CA28AE6-6EFB-4FEE-9780-4682BF093F3B}.Release|Any CPU.Build.0 = Release|Any CPU
		{A54423D1-8E7A-4339-B0D5-24E7CEFE469B}.Debug|Any CPU.ActiveCfg = Debug|Any CPU
		{A54423D1-8E7A-4339-B0D5-24E7CEFE469B}.Debug|Any CPU.Build.0 = Debug|Any CPU
		{A54423D1-8E7A-4339-B0D5-24E7CEFE469B}.Deploy|Any CPU.ActiveCfg = Debug|Any CPU
		{A54423D1-8E7A-4339-B0D5-24E7CEFE469B}.Deploy|Any CPU.Build.0 = Debug|Any CPU
		{A54423D1-8E7A-4339-B0D5-24E7CEFE469B}.Release|Any CPU.ActiveCfg = Release|Any CPU
		{A54423D1-8E7A-4339-B0D5-24E7CEFE469B}.Release|Any CPU.Build.0 = Release|Any CPU
		{CCC1A181-4AD4-4B7F-A61A-DE8D115D913F}.Debug|Any CPU.ActiveCfg = Debug|Any CPU
		{CCC1A181-4AD4-4B7F-A61A-DE8D115D913F}.Debug|Any CPU.Build.0 = Debug|Any CPU
		{CCC1A181-4AD4-4B7F-A61A-DE8D115D913F}.Deploy|Any CPU.ActiveCfg = Debug|Any CPU
		{CCC1A181-4AD4-4B7F-A61A-DE8D115D913F}.Deploy|Any CPU.Build.0 = Debug|Any CPU
		{CCC1A181-4AD4-4B7F-A61A-DE8D115D913F}.Release|Any CPU.ActiveCfg = Release|Any CPU
		{CCC1A181-4AD4-4B7F-A61A-DE8D115D913F}.Release|Any CPU.Build.0 = Release|Any CPU
		{371B85A9-F0FA-4FF6-BFCC-AD43B43BC732}.Debug|Any CPU.ActiveCfg = Debug|Any CPU
		{371B85A9-F0FA-4FF6-BFCC-AD43B43BC732}.Debug|Any CPU.Build.0 = Debug|Any CPU
		{371B85A9-F0FA-4FF6-BFCC-AD43B43BC732}.Deploy|Any CPU.ActiveCfg = Debug|Any CPU
		{371B85A9-F0FA-4FF6-BFCC-AD43B43BC732}.Deploy|Any CPU.Build.0 = Debug|Any CPU
		{371B85A9-F0FA-4FF6-BFCC-AD43B43BC732}.Release|Any CPU.ActiveCfg = Release|Any CPU
		{371B85A9-F0FA-4FF6-BFCC-AD43B43BC732}.Release|Any CPU.Build.0 = Release|Any CPU
		{A4284B4C-B63A-43A8-B2E0-16928CDF6DB7}.Debug|Any CPU.ActiveCfg = Debug|Any CPU
		{A4284B4C-B63A-43A8-B2E0-16928CDF6DB7}.Debug|Any CPU.Build.0 = Debug|Any CPU
		{A4284B4C-B63A-43A8-B2E0-16928CDF6DB7}.Deploy|Any CPU.ActiveCfg = Debug|Any CPU
		{A4284B4C-B63A-43A8-B2E0-16928CDF6DB7}.Deploy|Any CPU.Build.0 = Debug|Any CPU
		{A4284B4C-B63A-43A8-B2E0-16928CDF6DB7}.Release|Any CPU.ActiveCfg = Release|Any CPU
		{A4284B4C-B63A-43A8-B2E0-16928CDF6DB7}.Release|Any CPU.Build.0 = Release|Any CPU
	EndGlobalSection
	GlobalSection(SolutionProperties) = preSolution
		HideSolutionNode = FALSE
	EndGlobalSection
	GlobalSection(NestedProjects) = preSolution
		{4FDF1E89-5BC3-4C72-8FDA-0D580E7A5D5F} = {D10FA19A-19DB-4752-BE43-538700781EBB}
		{4B1654E9-FE08-4523-A69F-D636BF222D32} = {B424CED3-F815-445E-BCCE-7A79779F5EE8}
		{2F210C0E-167B-4B64-8084-FDF4FA3F93A4} = {B424CED3-F815-445E-BCCE-7A79779F5EE8}
		{E3E24870-27F7-400E-B411-47ACD9C8B562} = {2F210C0E-167B-4B64-8084-FDF4FA3F93A4}
		{D10FA19A-19DB-4752-BE43-538700781EBB} = {B424CED3-F815-445E-BCCE-7A79779F5EE8}
		{B78A5D09-7D3A-4581-B0E4-3EE6036E04CA} = {D10FA19A-19DB-4752-BE43-538700781EBB}
		{4CA28AE6-6EFB-4FEE-9780-4682BF093F3B} = {D10FA19A-19DB-4752-BE43-538700781EBB}
		{A54423D1-8E7A-4339-B0D5-24E7CEFE469B} = {BB964DAC-A6CF-4400-B004-BD3ABA10BB7E}
		{BB964DAC-A6CF-4400-B004-BD3ABA10BB7E} = {B424CED3-F815-445E-BCCE-7A79779F5EE8}
		{CCC1A181-4AD4-4B7F-A61A-DE8D115D913F} = {2F210C0E-167B-4B64-8084-FDF4FA3F93A4}
		{371B85A9-F0FA-4FF6-BFCC-AD43B43BC732} = {BB964DAC-A6CF-4400-B004-BD3ABA10BB7E}
		{A4284B4C-B63A-43A8-B2E0-16928CDF6DB7} = {D10FA19A-19DB-4752-BE43-538700781EBB}
	EndGlobalSection
	GlobalSection(ExtensibilityGlobals) = postSolution
		SolutionGuid = {65030A28-242D-4782-B0E1-E1481FFF0F40}
	EndGlobalSection
EndGlobal
