<Solution>
  <Folder Name="/Solution Items/">
    <File Path=".editorconfig" />
    <File Path="nuget.config" />
    <File Path="settings.VisualStudio.json" />
  </Folder>
  <Folder Name="/Submodules/">
    <Project Path="Playnite-Extension-Helpers/src/PlayniteExtensionHelpers.csproj" />
  </Folder>
  <Project Path="LinkUtilities/LinkUtilities.csproj" />
</Solution>
